
Microsoft Visual Studio Solution File, Format Version 12.00
# Visual Studio Version 16
VisualStudioVersion = 16.0.30523.141
MinimumVisualStudioVersion = 10.0.40219.1
Project("{F184B08F-C81C-45F6-A57F-5ABD9991F28F}") = "GameOfWar", "GameOfWar\GameOfWar.vbproj", "{0AF4374B-EDC6-45DD-96AC-67814D49EC4C}"
EndProject
Global
	GlobalSection(SolutionConfigurationPlatforms) = preSolution
		Debug|Any CPU = Debug|Any CPU
		Release|Any CPU = Release|Any CPU
	EndGlobalSection
	GlobalSection(ProjectConfigurationPlatforms) = postSolution
		{0AF4374B-EDC6-45DD-96AC-67814D49EC4C}.Debug|Any CPU.ActiveCfg = Debug|Any CPU
		{0AF4374B-EDC6-45DD-96AC-67814D49EC4C}.Debug|Any CPU.Build.0 = Debug|Any CPU
		{0AF4374B-EDC6-45DD-96AC-67814D49EC4C}.Release|Any CPU.ActiveCfg = Release|Any CPU
		{0AF4374B-EDC6-45DD-96AC-67814D49EC4C}.Release|Any CPU.Build.0 = Release|Any CPU
	EndGlobalSection
	GlobalSection(SolutionProperties) = preSolution
		HideSolutionNode = FALSE
	EndGlobalSection
	GlobalSection(ExtensibilityGlobals) = postSolution
		SolutionGuid = {FD2B67DF-AB72-491C-9679-645988504857}
	EndGlobalSection
EndGlobal
